
Microsoft Visual Studio Solution File, Format Version 12.00
# Visual Studio 14
VisualStudioVersion = 14.0.25420.1
MinimumVisualStudioVersion = 10.0.40219.1
Project("{FAE04EC0-301F-11D3-BF4B-00C04F79EFBC}") = "OrderJobsWebAPI", "OrderJobsWebAPI\OrderJobsWebAPI.csproj", "{A9BBBFC0-E463-4008-AC97-2BDEB0594529}"
EndProject
Project("{FAE04EC0-301F-11D3-BF4B-00C04F79EFBC}") = "OrderJobs.Algorithm", "OrderJobs.Algorithm\OrderJobs.Algorithm.csproj", "{96692CFD-BCFA-4897-B355-0D24E46BFEC1}"
EndProject
Project("{FAE04EC0-301F-11D3-BF4B-00C04F79EFBC}") = "OrderJobs.Tests", "OrderJobs.Tests\OrderJobs.Tests.csproj", "{A87F36DE-DF07-4CE6-8B0B-A68D969D3E90}"
EndProject
Global
	GlobalSection(SolutionConfigurationPlatforms) = preSolution
		Debug|Any CPU = Debug|Any CPU
		Release|Any CPU = Release|Any CPU
	EndGlobalSection
	GlobalSection(ProjectConfigurationPlatforms) = postSolution
		{A9BBBFC0-E463-4008-AC97-2BDEB0594529}.Debug|Any CPU.ActiveCfg = Debug|Any CPU
		{A9BBBFC0-E463-4008-AC97-2BDEB0594529}.Debug|Any CPU.Build.0 = Debug|Any CPU
		{A9BBBFC0-E463-4008-AC97-2BDEB0594529}.Release|Any CPU.ActiveCfg = Release|Any CPU
		{A9BBBFC0-E463-4008-AC97-2BDEB0594529}.Release|Any CPU.Build.0 = Release|Any CPU
		{96692CFD-BCFA-4897-B355-0D24E46BFEC1}.Debug|Any CPU.ActiveCfg = Debug|Any CPU
		{96692CFD-BCFA-4897-B355-0D24E46BFEC1}.Debug|Any CPU.Build.0 = Debug|Any CPU
		{96692CFD-BCFA-4897-B355-0D24E46BFEC1}.Release|Any CPU.ActiveCfg = Release|Any CPU
		{96692CFD-BCFA-4897-B355-0D24E46BFEC1}.Release|Any CPU.Build.0 = Release|Any CPU
		{A87F36DE-DF07-4CE6-8B0B-A68D969D3E90}.Debug|Any CPU.ActiveCfg = Debug|Any CPU
		{A87F36DE-DF07-4CE6-8B0B-A68D969D3E90}.Debug|Any CPU.Build.0 = Debug|Any CPU
		{A87F36DE-DF07-4CE6-8B0B-A68D969D3E90}.Release|Any CPU.ActiveCfg = Release|Any CPU
		{A87F36DE-DF07-4CE6-8B0B-A68D969D3E90}.Release|Any CPU.Build.0 = Release|Any CPU
	EndGlobalSection
	GlobalSection(SolutionProperties) = preSolution
		HideSolutionNode = FALSE
	EndGlobalSection
EndGlobal
